
Microsoft Visual Studio Solution File, Format Version 12.00
# Visual Studio Version 16
VisualStudioVersion = 16.0.32106.194
MinimumVisualStudioVersion = 10.0.40219.1
Project("{FAE04EC0-301F-11D3-BF4B-00C04F79EFBC}") = "GameProject3", "GameProject3\GameProject3.csproj", "{45143A44-0B8E-4216-B691-8772C7681439}"
EndProject
Global
	GlobalSection(SolutionConfigurationPlatforms) = preSolution
		Debug|Any CPU = Debug|Any CPU
		Release|Any CPU = Release|Any CPU
	EndGlobalSection
	GlobalSection(ProjectConfigurationPlatforms) = postSolution
		{45143A44-0B8E-4216-B691-8772C7681439}.Debug|Any CPU.ActiveCfg = Debug|Any CPU
		{45143A44-0B8E-4216-B691-8772C7681439}.Debug|Any CPU.Build.0 = Debug|Any CPU
		{45143A44-0B8E-4216-B691-8772C7681439}.Release|Any CPU.ActiveCfg = Release|Any CPU
		{45143A44-0B8E-4216-B691-8772C7681439}.Release|Any CPU.Build.0 = Release|Any CPU
	EndGlobalSection
	GlobalSection(SolutionProperties) = preSolution
		HideSolutionNode = FALSE
	EndGlobalSection
	GlobalSection(ExtensibilityGlobals) = postSolution
		SolutionGuid = {873C17CF-2E6B-4F7D-A847-3C097D890727}
	EndGlobalSection
EndGlobal
